
Microsoft Visual Studio Solution File, Format Version 12.00
# Visual Studio 15
Project("{FAE04EC0-301F-11D3-BF4B-00C04F79EFBC}") = "Assembly-CSharp", "Assembly-CSharp.csproj", "{7C18013D-3F13-099D-1925-25D91C134A1D}"
EndProject
Project("{FAE04EC0-301F-11D3-BF4B-00C04F79EFBC}") = "Assembly-CSharp-Editor", "Assembly-CSharp-Editor.csproj", "{7B4B8F45-6058-2D25-019E-A044760E1C44}"
EndProject
Global
	GlobalSection(SolutionConfigurationPlatforms) = preSolution
		Debug|Any CPU = Debug|Any CPU
		Release|Any CPU = Release|Any CPU
	EndGlobalSection
	GlobalSection(ProjectConfigurationPlatforms) = postSolution
		{7C18013D-3F13-099D-1925-25D91C134A1D}.Debug|Any CPU.ActiveCfg = Debug|Any CPU
		{7C18013D-3F13-099D-1925-25D91C134A1D}.Debug|Any CPU.Build.0 = Debug|Any CPU
		{7C18013D-3F13-099D-1925-25D91C134A1D}.Release|Any CPU.ActiveCfg = Release|Any CPU
		{7C18013D-3F13-099D-1925-25D91C134A1D}.Release|Any CPU.Build.0 = Release|Any CPU
		{7B4B8F45-6058-2D25-019E-A044760E1C44}.Debug|Any CPU.ActiveCfg = Debug|Any CPU
		{7B4B8F45-6058-2D25-019E-A044760E1C44}.Debug|Any CPU.Build.0 = Debug|Any CPU
		{7B4B8F45-6058-2D25-019E-A044760E1C44}.Release|Any CPU.ActiveCfg = Release|Any CPU
		{7B4B8F45-6058-2D25-019E-A044760E1C44}.Release|Any CPU.Build.0 = Release|Any CPU
	EndGlobalSection
	GlobalSection(SolutionProperties) = preSolution
		HideSolutionNode = FALSE
	EndGlobalSection
EndGlobal
